// !$*UTF8*$!
{
	archiveVersion = 1;
	classes = {
	};
	objectVersion = 48;
	objects = {

/* Begin PBXBuildFile section */
		26A3D6B4BBD5232E0BB47BAA /* Pods_Beerworld.framework in Frameworks */ = {isa = PBXBuildFile; fileRef = E6BE6C7F516FF1E4D8B2BD7B /* Pods_Beerworld.framework */; };
		C02BF1EE1FBC49A600650E35 /* AppDelegate.swift in Sources */ = {isa = PBXBuildFile; fileRef = C02BF1ED1FBC49A600650E35 /* AppDelegate.swift */; };
		C02BF1F01FBC49A600650E35 /* ViewController.swift in Sources */ = {isa = PBXBuildFile; fileRef = C02BF1EF1FBC49A600650E35 /* ViewController.swift */; };
		C02BF1F31FBC49A600650E35 /* Main.storyboard in Resources */ = {isa = PBXBuildFile; fileRef = C02BF1F11FBC49A600650E35 /* Main.storyboard */; };
		C02BF1F51FBC49A600650E35 /* Assets.xcassets in Resources */ = {isa = PBXBuildFile; fileRef = C02BF1F41FBC49A600650E35 /* Assets.xcassets */; };
		C02BF1F81FBC49A600650E35 /* LaunchScreen.storyboard in Resources */ = {isa = PBXBuildFile; fileRef = C02BF1F61FBC49A600650E35 /* LaunchScreen.storyboard */; };
/* End PBXBuildFile section */

/* Begin PBXFileReference section */
		1C63A5CB83CFED0891BE36E1 /* Pods-Beerworld.debug.xcconfig */ = {isa = PBXFileReference; includeInIndex = 1; lastKnownFileType = text.xcconfig; name = "Pods-Beerworld.debug.xcconfig"; path = "Pods/Target Support Files/Pods-Beerworld/Pods-Beerworld.debug.xcconfig"; sourceTree = "<group>"; };
		99E1AACDE2F71C0C607EB8A5 /* Pods-Beerworld.release.xcconfig */ = {isa = PBXFileReference; includeInIndex = 1; lastKnownFileType = text.xcconfig; name = "Pods-Beerworld.release.xcconfig"; path = "Pods/Target Support Files/Pods-Beerworld/Pods-Beerworld.release.xcconfig"; sourceTree = "<group>"; };
		C02BF1EA1FBC49A600650E35 /* Beerworld.app */ = {isa = PBXFileReference; explicitFileType = wrapper.application; includeInIndex = 0; path = Beerworld.app; sourceTree = BUILT_PRODUCTS_DIR; };
		C02BF1ED1FBC49A600650E35 /* AppDelegate.swift */ = {isa = PBXFileReference; lastKnownFileType = sourcecode.swift; path = AppDelegate.swift; sourceTree = "<group>"; };
		C02BF1EF1FBC49A600650E35 /* ViewController.swift */ = {isa = PBXFileReference; lastKnownFileType = sourcecode.swift; path = ViewController.swift; sourceTree = "<group>"; };
		C02BF1F21FBC49A600650E35 /* Base */ = {isa = PBXFileReference; lastKnownFileType = file.storyboard; name = Base; path = Base.lproj/Main.storyboard; sourceTree = "<group>"; };
		C02BF1F41FBC49A600650E35 /* Assets.xcassets */ = {isa = PBXFileReference; lastKnownFileType = folder.assetcatalog; path = Assets.xcassets; sourceTree = "<group>"; };
		C02BF1F71FBC49A600650E35 /* Base */ = {isa = PBXFileReference; lastKnownFileType = file.storyboard; name = Base; path = Base.lproj/LaunchScreen.storyboard; sourceTree = "<group>"; };
		C02BF1F91FBC49A600650E35 /* Info.plist */ = {isa = PBXFileReference; lastKnownFileType = text.plist.xml; path = Info.plist; sourceTree = "<group>"; };
		E6BE6C7F516FF1E4D8B2BD7B /* Pods_Beerworld.framework */ = {isa = PBXFileReference; explicitFileType = wrapper.framework; includeInIndex = 0; path = Pods_Beerworld.framework; sourceTree = BUILT_PRODUCTS_DIR; };
/* End PBXFileReference section */

/* Begin PBXFrameworksBuildPhase section */
		C02BF1E71FBC49A600650E35 /* Frameworks */ = {
			isa = PBXFrameworksBuildPhase;
			buildActionMask = 2147483647;
			files = (
				26A3D6B4BBD5232E0BB47BAA /* Pods_Beerworld.framework in Frameworks */,
			);
			runOnlyForDeploymentPostprocessing = 0;
		};
/* End PBXFrameworksBuildPhase section */

/* Begin PBXGroup section */
		B97579A5989F8C1629012C09 /* Frameworks */ = {
			isa = PBXGroup;
			children = (
				E6BE6C7F516FF1E4D8B2BD7B /* Pods_Beerworld.framework */,
			);
			name = Frameworks;
			sourceTree = "<group>";
		};
		C02BF1E11FBC49A600650E35 = {
			isa = PBXGroup;
			children = (
				C02BF1EC1FBC49A600650E35 /* Beerworld */,
				C02BF1EB1FBC49A600650E35 /* Products */,
				C3112E24C590C9B1BC520AFC /* Pods */,
				B97579A5989F8C1629012C09 /* Frameworks */,
			);
			sourceTree = "<group>";
		};
		C02BF1EB1FBC49A600650E35 /* Products */ = {
			isa = PBXGroup;
			children = (
				C02BF1EA1FBC49A600650E35 /* Beerworld.app */,
			);
			name = Products;
			sourceTree = "<group>";
		};
		C02BF1EC1FBC49A600650E35 /* Beerworld */ = {
			isa = PBXGroup;
			children = (
				C02BF1ED1FBC49A600650E35 /* AppDelegate.swift */,
				C02BF1EF1FBC49A600650E35 /* ViewController.swift */,
				C02BF1F11FBC49A600650E35 /* Main.storyboard */,
				C02BF1F41FBC49A600650E35 /* Assets.xcassets */,
				C02BF1F61FBC49A600650E35 /* LaunchScreen.storyboard */,
				C02BF1F91FBC49A600650E35 /* Info.plist */,
			);
			path = Beerworld;
			sourceTree = "<group>";
		};
		C3112E24C590C9B1BC520AFC /* Pods */ = {
			isa = PBXGroup;
			children = (
				1C63A5CB83CFED0891BE36E1 /* Pods-Beerworld.debug.xcconfig */,
				99E1AACDE2F71C0C607EB8A5 /* Pods-Beerworld.release.xcconfig */,
			);
			name = Pods;
			sourceTree = "<group>";
		};
/* End PBXGroup section */

/* Begin PBXNativeTarget section */
		C02BF1E91FBC49A600650E35 /* Beerworld */ = {
			isa = PBXNativeTarget;
			buildConfigurationList = C02BF1FC1FBC49A600650E35 /* Build configuration list for PBXNativeTarget "Beerworld" */;
			buildPhases = (
				A4D68CE603169C5B77EA9584 /* [CP] Check Pods Manifest.lock */,
				C02BF1E61FBC49A600650E35 /* Sources */,
				C02BF1E71FBC49A600650E35 /* Frameworks */,
				C02BF1E81FBC49A600650E35 /* Resources */,
				027A9E7BBC488C0AD480A1B4 /* [CP] Embed Pods Frameworks */,
				2740CC880C2E6A1F82DF9878 /* [CP] Copy Pods Resources */,
			);
			buildRules = (
			);
			dependencies = (
			);
			name = Beerworld;
			productName = Beerworld;
			productReference = C02BF1EA1FBC49A600650E35 /* Beerworld.app */;
			productType = "com.apple.product-type.application";
		};
/* End PBXNativeTarget section */

/* Begin PBXProject section */
		C02BF1E21FBC49A600650E35 /* Project object */ = {
			isa = PBXProject;
			attributes = {
				LastSwiftUpdateCheck = 0910;
				LastUpgradeCheck = 0910;
				ORGANIZATIONNAME = Gabriel;
				TargetAttributes = {
					C02BF1E91FBC49A600650E35 = {
						CreatedOnToolsVersion = 9.1;
						ProvisioningStyle = Automatic;
					};
				};
			};
			buildConfigurationList = C02BF1E51FBC49A600650E35 /* Build configuration list for PBXProject "Beerworld" */;
			compatibilityVersion = "Xcode 8.0";
			developmentRegion = en;
			hasScannedForEncodings = 0;
			knownRegions = (
				en,
				Base,
			);
			mainGroup = C02BF1E11FBC49A600650E35;
			productRefGroup = C02BF1EB1FBC49A600650E35 /* Products */;
			projectDirPath = "";
			projectRoot = "";
			targets = (
				C02BF1E91FBC49A600650E35 /* Beerworld */,
			);
		};
/* End PBXProject section */

/* Begin PBXResourcesBuildPhase section */
		C02BF1E81FBC49A600650E35 /* Resources */ = {
			isa = PBXResourcesBuildPhase;
			buildActionMask = 2147483647;
			files = (
				C02BF1F81FBC49A600650E35 /* LaunchScreen.storyboard in Resources */,
				C02BF1F51FBC49A600650E35 /* Assets.xcassets in Resources */,
				C02BF1F31FBC49A600650E35 /* Main.storyboard in Resources */,
			);
			runOnlyForDeploymentPostprocessing = 0;
		};
/* End PBXResourcesBuildPhase section */

/* Begin PBXShellScriptBuildPhase section */
		027A9E7BBC488C0AD480A1B4 /* [CP] Embed Pods Frameworks */ = {
			isa = PBXShellScriptBuildPhase;
			buildActionMask = 2147483647;
			files = (
			);
			inputPaths = (
			);
			name = "[CP] Embed Pods Frameworks";
			outputPaths = (
			);
			runOnlyForDeploymentPostprocessing = 0;
			shellPath = /bin/sh;
			shellScript = "\"${SRCROOT}/Pods/Target Support Files/Pods-Beerworld/Pods-Beerworld-frameworks.sh\"\n";
			showEnvVarsInLog = 0;
		};
		2740CC880C2E6A1F82DF9878 /* [CP] Copy Pods Resources */ = {
			isa = PBXShellScriptBuildPhase;
			buildActionMask = 2147483647;
			files = (
			);
			inputPaths = (
			);
			name = "[CP] Copy Pods Resources";
			outputPaths = (
			);
			runOnlyForDeploymentPostprocessing = 0;
			shellPath = /bin/sh;
			shellScript = "\"${SRCROOT}/Pods/Target Support Files/Pods-Beerworld/Pods-Beerworld-resources.sh\"\n";
			showEnvVarsInLog = 0;
		};
		A4D68CE603169C5B77EA9584 /* [CP] Check Pods Manifest.lock */ = {
			isa = PBXShellScriptBuildPhase;
			buildActionMask = 2147483647;
			files = (
			);
			inputPaths = (
			);
			name = "[CP] Check Pods Manifest.lock";
			outputPaths = (
			);
			runOnlyForDeploymentPostprocessing = 0;
			shellPath = /bin/sh;
			shellScript = "diff \"${PODS_ROOT}/../Podfile.lock\" \"${PODS_ROOT}/Manifest.lock\" > /dev/null\nif [ $? != 0 ] ; then\n    # print error to STDERR\n    echo \"error: The sandbox is not in sync with the Podfile.lock. Run 'pod install' or update your CocoaPods installation.\" >&2\n    exit 1\nfi\n";
			showEnvVarsInLog = 0;
		};
/* End PBXShellScriptBuildPhase section */

/* Begin PBXSourcesBuildPhase section */
		C02BF1E61FBC49A600650E35 /* Sources */ = {
			isa = PBXSourcesBuildPhase;
			buildActionMask = 2147483647;
			files = (
				C02BF1F01FBC49A600650E35 /* ViewController.swift in Sources */,
				C02BF1EE1FBC49A600650E35 /* AppDelegate.swift in Sources */,
			);
			runOnlyForDeploymentPostprocessing = 0;
		};
/* End PBXSourcesBuildPhase section */

/* Begin PBXVariantGroup section */
		C02BF1F11FBC49A600650E35 /* Main.storyboard */ = {
			isa = PBXVariantGroup;
			children = (
				C02BF1F21FBC49A600650E35 /* Base */,
			);
			name = Main.storyboard;
			sourceTree = "<group>";
		};
		C02BF1F61FBC49A600650E35 /* LaunchScreen.storyboard */ = {
			isa = PBXVariantGroup;
			children = (
				C02BF1F71FBC49A600650E35 /* Base */,
			);
			name = LaunchScreen.storyboard;
			sourceTree = "<group>";
		};
/* End PBXVariantGroup section */

/* Begin XCBuildConfiguration section */
		C02BF1FA1FBC49A600650E35 /* Debug */ = {
			isa = XCBuildConfiguration;
			buildSettings = {
				ALWAYS_SEARCH_USER_PATHS = NO;
				CLANG_ANALYZER_NONNULL = YES;
				CLANG_ANALYZER_NUMBER_OBJECT_CONVERSION = YES_AGGRESSIVE;
				CLANG_CXX_LANGUAGE_STANDARD = "gnu++14";
				CLANG_CXX_LIBRARY = "libc++";
				CLANG_ENABLE_MODULES = YES;
				CLANG_ENABLE_OBJC_ARC = YES;
				CLANG_WARN_BLOCK_CAPTURE_AUTORELEASING = YES;
				CLANG_WARN_BOOL_CONVERSION = YES;
				CLANG_WARN_COMMA = YES;
				CLANG_WARN_CONSTANT_CONVERSION = YES;
				CLANG_WARN_DIRECT_OBJC_ISA_USAGE = YES_ERROR;
				CLANG_WARN_DOCUMENTATION_COMMENTS = YES;
				CLANG_WARN_EMPTY_BODY = YES;
				CLANG_WARN_ENUM_CONVERSION = YES;
				CLANG_WARN_INFINITE_RECURSION = YES;
				CLANG_WARN_INT_CONVERSION = YES;
				CLANG_WARN_NON_LITERAL_NULL_CONVERSION = YES;
				CLANG_WARN_OBJC_LITERAL_CONVERSION = YES;
				CLANG_WARN_OBJC_ROOT_CLASS = YES_ERROR;
				CLANG_WARN_RANGE_LOOP_ANALYSIS = YES;
				CLANG_WARN_STRICT_PROTOTYPES = YES;
				CLANG_WARN_SUSPICIOUS_MOVE = YES;
				CLANG_WARN_UNGUARDED_AVAILABILITY = YES_AGGRESSIVE;
				CLANG_WARN_UNREACHABLE_CODE = YES;
				CLANG_WARN__DUPLICATE_METHOD_MATCH = YES;
				CODE_SIGN_IDENTITY = "iPhone Developer";
				COPY_PHASE_STRIP = NO;
				DEBUG_INFORMATION_FORMAT = dwarf;
				ENABLE_STRICT_OBJC_MSGSEND = YES;
				ENABLE_TESTABILITY = YES;
				GCC_C_LANGUAGE_STANDARD = gnu11;
				GCC_DYNAMIC_NO_PIC = NO;
				GCC_NO_COMMON_BLOCKS = YES;
				GCC_OPTIMIZATION_LEVEL = 0;
				GCC_PREPROCESSOR_DEFINITIONS = (
					"DEBUG=1",
					"$(inherited)",
				);
				GCC_WARN_64_TO_32_BIT_CONVERSION = YES;
				GCC_WARN_ABOUT_RETURN_TYPE = YES_ERROR;
				GCC_WARN_UNDECLARED_SELECTOR = YES;
				GCC_WARN_UNINITIALIZED_AUTOS = YES_AGGRESSIVE;
				GCC_WARN_UNUSED_FUNCTION = YES;
				GCC_WARN_UNUSED_VARIABLE = YES;
				IPHONEOS_DEPLOYMENT_TARGET = 11.1;
				MTL_ENABLE_DEBUG_INFO = YES;
				ONLY_ACTIVE_ARCH = YES;
				SDKROOT = iphoneos;
				SWIFT_ACTIVE_COMPILATION_CONDITIONS = DEBUG;
				SWIFT_OPTIMIZATION_LEVEL = "-Onone";
			};
			name = Debug;
		};
		C02BF1FB1FBC49A600650E35 /* Release */ = {
			isa = XCBuildConfiguration;
			buildSettings = {
				ALWAYS_SEARCH_USER_PATHS = NO;
				CLANG_ANALYZER_NONNULL = YES;
				CLANG_ANALYZER_NUMBER_OBJECT_CONVERSION = YES_AGGRESSIVE;
				CLANG_CXX_LANGUAGE_STANDARD = "gnu++14";
				CLANG_CXX_LIBRARY = "libc++";
				CLANG_ENABLE_MODULES = YES;
				CLANG_ENABLE_OBJC_ARC = YES;
				CLANG_WARN_BLOCK_CAPTURE_AUTORELEASING = YES;
				CLANG_WARN_BOOL_CONVERSION = YES;
				CLANG_WARN_COMMA = YES;
				CLANG_WARN_CONSTANT_CONVERSION = YES;
				CLANG_WARN_DIRECT_OBJC_ISA_USAGE = YES_ERROR;
				CLANG_WARN_DOCUMENTATION_COMMENTS = YES;
				CLANG_WARN_EMPTY_BODY = YES;
				CLANG_WARN_ENUM_CONVERSION = YES;
				CLANG_WARN_INFINITE_RECURSION = YES;
				CLANG_WARN_INT_CONVERSION = YES;
				CLANG_WARN_NON_LITERAL_NULL_CONVERSION = YES;
				CLANG_WARN_OBJC_LITERAL_CONVERSION = YES;
				CLANG_WARN_OBJC_ROOT_CLASS = YES_ERROR;
				CLANG_WARN_RANGE_LOOP_ANALYSIS = YES;
				CLANG_WARN_STRICT_PROTOTYPES = YES;
				CLANG_WARN_SUSPICIOUS_MOVE = YES;
				CLANG_WARN_UNGUARDED_AVAILABILITY = YES_AGGRESSIVE;
				CLANG_WARN_UNREACHABLE_CODE = YES;
				CLANG_WARN__DUPLICATE_METHOD_MATCH = YES;
				CODE_SIGN_IDENTITY = "iPhone Developer";
				COPY_PHASE_STRIP = NO;
				DEBUG_INFORMATION_FORMAT = "dwarf-with-dsym";
				ENABLE_NS_ASSERTIONS = NO;
				ENABLE_STRICT_OBJC_MSGSEND = YES;
				GCC_C_LANGUAGE_STANDARD = gnu11;
				GCC_NO_COMMON_BLOCKS = YES;
				GCC_WARN_64_TO_32_BIT_CONVERSION = YES;
				GCC_WARN_ABOUT_RETURN_TYPE = YES_ERROR;
				GCC_WARN_UNDECLARED_SELECTOR = YES;
				GCC_WARN_UNINITIALIZED_AUTOS = YES_AGGRESSIVE;
				GCC_WARN_UNUSED_FUNCTION = YES;
				GCC_WARN_UNUSED_VARIABLE = YES;
				IPHONEOS_DEPLOYMENT_TARGET = 11.1;
				MTL_ENABLE_DEBUG_INFO = NO;
				SDKROOT = iphoneos;
				SWIFT_OPTIMIZATION_LEVEL = "-Owholemodule";
				VALIDATE_PRODUCT = YES;
			};
			name = Release;
		};
		C02BF1FD1FBC49A600650E35 /* Debug */ = {
			isa = XCBuildConfiguration;
			baseConfigurationReference = 1C63A5CB83CFED0891BE36E1 /* Pods-Beerworld.debug.xcconfig */;
			buildSettings = {
				ASSETCATALOG_COMPILER_APPICON_NAME = AppIcon;
				CODE_SIGN_STYLE = Automatic;
				DEVELOPMENT_TEAM = FAE4S3FL7U;
				INFOPLIST_FILE = Beerworld/Info.plist;
				LD_RUNPATH_SEARCH_PATHS = "$(inherited) @executable_path/Frameworks";
				PRODUCT_BUNDLE_IDENTIFIER = "--.Beerworld";
				PRODUCT_NAME = "$(TARGET_NAME)";
				SWIFT_VERSION = 4.0;
				TARGETED_DEVICE_FAMILY = "1,2";
			};
			name = Debug;
		};
		C02BF1FE1FBC49A600650E35 /* Release */ = {
			isa = XCBuildConfiguration;
			baseConfigurationReference = 99E1AACDE2F71C0C607EB8A5 /* Pods-Beerworld.release.xcconfig */;
			buildSettings = {
				ASSETCATALOG_COMPILER_APPICON_NAME = AppIcon;
				CODE_SIGN_STYLE = Automatic;
				DEVELOPMENT_TEAM = FAE4S3FL7U;
				INFOPLIST_FILE = Beerworld/Info.plist;
				LD_RUNPATH_SEARCH_PATHS = "$(inherited) @executable_path/Frameworks";
				PRODUCT_BUNDLE_IDENTIFIER = "--.Beerworld";
				PRODUCT_NAME = "$(TARGET_NAME)";
				SWIFT_VERSION = 4.0;
				TARGETED_DEVICE_FAMILY = "1,2";
			};
			name = Release;
		};
/* End XCBuildConfiguration section */

/* Begin XCConfigurationList section */
		C02BF1E51FBC49A600650E35 /* Build configuration list for PBXProject "Beerworld" */ = {
			isa = XCConfigurationList;
			buildConfigurations = (
				C02BF1FA1FBC49A600650E35 /* Debug */,
				C02BF1FB1FBC49A600650E35 /* Release */,
			);
			defaultConfigurationIsVisible = 0;
			defaultConfigurationName = Release;
		};
		C02BF1FC1FBC49A600650E35 /* Build configuration list for PBXNativeTarget "Beerworld" */ = {
			isa = XCConfigurationList;
			buildConfigurations = (
				C02BF1FD1FBC49A600650E35 /* Debug */,
				C02BF1FE1FBC49A600650E35 /* Release */,
			);
			defaultConfigurationIsVisible = 0;
			defaultConfigurationName = Release;
		};
/* End XCConfigurationList section */
	};
	rootObject = C02BF1E21FBC49A600650E35 /* Project object */;
}
